
Microsoft Visual Studio Solution File, Format Version 12.00
# Visual Studio Version 17
VisualStudioVersion = 17.8.34408.163
MinimumVisualStudioVersion = 10.0.40219.1
Project("{9A19103F-16F7-4668-BE54-9A1E7A4F7556}") = "FitnessPlanner.Server", "FitnessPlanner.Server\FitnessPlanner.Server.csproj", "{8B94D977-1104-467E-8B08-B9BD84B765FB}"
EndProject
Project("{54A90642-561A-4BB1-A94E-469ADEE60C69}") = "fitnessplanner.client", "fitnessplanner.client\fitnessplanner.client.esproj", "{B49FF568-9CFB-42EB-B860-DF6C32A102F7}"
EndProject
Project("{2150E333-8FDC-42A3-9474-1A3956D46DE8}") = "Data", "Data", "{2E9323F7-36C0-4D22-B710-B35C5BF1303C}"
EndProject
Project("{2150E333-8FDC-42A3-9474-1A3956D46DE8}") = "Services", "Services", "{4DF59049-B2A9-4060-AC9F-4CB570AC2C88}"
EndProject
Project("{2150E333-8FDC-42A3-9474-1A3956D46DE8}") = "Web", "Web", "{C7A85496-D16B-4CEB-B16C-41195847ECB1}"
EndProject
Project("{9A19103F-16F7-4668-BE54-9A1E7A4F7556}") = "FitnessPlanner.Data", "FitnessPlanner.Data\FitnessPlanner.Data.csproj", "{BCE72A53-1F5D-47F8-84C8-1B47524F0994}"
EndProject
Project("{9A19103F-16F7-4668-BE54-9A1E7A4F7556}") = "FitnessPlanner.Data.Models", "FitnessPlanner.Data.Models\FitnessPlanner.Data.Models.csproj", "{CD4D31F7-2C0F-42E1-BA62-E71335E59E95}"
EndProject
Project("{9A19103F-16F7-4668-BE54-9A1E7A4F7556}") = "FitnessPlanner.Services", "FitnessPlanner.Services\FitnessPlanner.Services.csproj", "{8FED1135-78C2-47BC-8DFC-7C0928612EF6}"
EndProject
Project("{9A19103F-16F7-4668-BE54-9A1E7A4F7556}") = "FitnessPlanner.Services.Models", "FitnessPlanner.Services.Models\FitnessPlanner.Services.Models.csproj", "{DF1AA80A-41D1-4C8E-8E56-52DA2DAA4DB5}"
EndProject
Global
	GlobalSection(SolutionConfigurationPlatforms) = preSolution
		Debug|Any CPU = Debug|Any CPU
		Release|Any CPU = Release|Any CPU
	EndGlobalSection
	GlobalSection(ProjectConfigurationPlatforms) = postSolution
		{8B94D977-1104-467E-8B08-B9BD84B765FB}.Debug|Any CPU.ActiveCfg = Debug|Any CPU
		{8B94D977-1104-467E-8B08-B9BD84B765FB}.Debug|Any CPU.Build.0 = Debug|Any CPU
		{8B94D977-1104-467E-8B08-B9BD84B765FB}.Release|Any CPU.ActiveCfg = Release|Any CPU
		{8B94D977-1104-467E-8B08-B9BD84B765FB}.Release|Any CPU.Build.0 = Release|Any CPU
		{B49FF568-9CFB-42EB-B860-DF6C32A102F7}.Debug|Any CPU.ActiveCfg = Debug|Any CPU
		{B49FF568-9CFB-42EB-B860-DF6C32A102F7}.Debug|Any CPU.Build.0 = Debug|Any CPU
		{B49FF568-9CFB-42EB-B860-DF6C32A102F7}.Debug|Any CPU.Deploy.0 = Debug|Any CPU
		{B49FF568-9CFB-42EB-B860-DF6C32A102F7}.Release|Any CPU.ActiveCfg = Release|Any CPU
		{B49FF568-9CFB-42EB-B860-DF6C32A102F7}.Release|Any CPU.Build.0 = Release|Any CPU
		{B49FF568-9CFB-42EB-B860-DF6C32A102F7}.Release|Any CPU.Deploy.0 = Release|Any CPU
		{BCE72A53-1F5D-47F8-84C8-1B47524F0994}.Debug|Any CPU.ActiveCfg = Debug|Any CPU
		{BCE72A53-1F5D-47F8-84C8-1B47524F0994}.Debug|Any CPU.Build.0 = Debug|Any CPU
		{BCE72A53-1F5D-47F8-84C8-1B47524F0994}.Release|Any CPU.ActiveCfg = Release|Any CPU
		{BCE72A53-1F5D-47F8-84C8-1B47524F0994}.Release|Any CPU.Build.0 = Release|Any CPU
		{CD4D31F7-2C0F-42E1-BA62-E71335E59E95}.Debug|Any CPU.ActiveCfg = Debug|Any CPU
		{CD4D31F7-2C0F-42E1-BA62-E71335E59E95}.Debug|Any CPU.Build.0 = Debug|Any CPU
		{CD4D31F7-2C0F-42E1-BA62-E71335E59E95}.Release|Any CPU.ActiveCfg = Release|Any CPU
		{CD4D31F7-2C0F-42E1-BA62-E71335E59E95}.Release|Any CPU.Build.0 = Release|Any CPU
		{8FED1135-78C2-47BC-8DFC-7C0928612EF6}.Debug|Any CPU.ActiveCfg = Debug|Any CPU
		{8FED1135-78C2-47BC-8DFC-7C0928612EF6}.Debug|Any CPU.Build.0 = Debug|Any CPU
		{8FED1135-78C2-47BC-8DFC-7C0928612EF6}.Release|Any CPU.ActiveCfg = Release|Any CPU
		{8FED1135-78C2-47BC-8DFC-7C0928612EF6}.Release|Any CPU.Build.0 = Release|Any CPU
		{DF1AA80A-41D1-4C8E-8E56-52DA2DAA4DB5}.Debug|Any CPU.ActiveCfg = Debug|Any CPU
		{DF1AA80A-41D1-4C8E-8E56-52DA2DAA4DB5}.Debug|Any CPU.Build.0 = Debug|Any CPU
		{DF1AA80A-41D1-4C8E-8E56-52DA2DAA4DB5}.Release|Any CPU.ActiveCfg = Release|Any CPU
		{DF1AA80A-41D1-4C8E-8E56-52DA2DAA4DB5}.Release|Any CPU.Build.0 = Release|Any CPU
	EndGlobalSection
	GlobalSection(SolutionProperties) = preSolution
		HideSolutionNode = FALSE
	EndGlobalSection
	GlobalSection(NestedProjects) = preSolution
		{8B94D977-1104-467E-8B08-B9BD84B765FB} = {C7A85496-D16B-4CEB-B16C-41195847ECB1}
		{BCE72A53-1F5D-47F8-84C8-1B47524F0994} = {2E9323F7-36C0-4D22-B710-B35C5BF1303C}
		{CD4D31F7-2C0F-42E1-BA62-E71335E59E95} = {2E9323F7-36C0-4D22-B710-B35C5BF1303C}
		{8FED1135-78C2-47BC-8DFC-7C0928612EF6} = {4DF59049-B2A9-4060-AC9F-4CB570AC2C88}
		{DF1AA80A-41D1-4C8E-8E56-52DA2DAA4DB5} = {4DF59049-B2A9-4060-AC9F-4CB570AC2C88}
	EndGlobalSection
	GlobalSection(ExtensibilityGlobals) = postSolution
		SolutionGuid = {9BE4611D-BFFD-46AA-AE0D-3E2EA450C80E}
	EndGlobalSection
EndGlobal
