
Microsoft Visual Studio Solution File, Format Version 12.00
# Visual Studio Version 17
VisualStudioVersion = 17.8.34408.163
MinimumVisualStudioVersion = 10.0.40219.1
Project("{FAE04EC0-301F-11D3-BF4B-00C04F79EFBC}") = "FitnessPlanner.Server", "FitnessPlanner.Server\FitnessPlanner.Server.csproj", "{8B94D977-1104-467E-8B08-B9BD84B765FB}"
EndProject
Project("{54A90642-561A-4BB1-A94E-469ADEE60C69}") = "fitnessplanner.client", "fitnessplanner.client\fitnessplanner.client.esproj", "{B49FF568-9CFB-42EB-B860-DF6C32A102F7}"
EndProject
Project("{2150E333-8FDC-42A3-9474-1A3956D46DE8}") = "Data", "Data", "{2E9323F7-36C0-4D22-B710-B35C5BF1303C}"
EndProject
Project("{2150E333-8FDC-42A3-9474-1A3956D46DE8}") = "Services", "Services", "{4DF59049-B2A9-4060-AC9F-4CB570AC2C88}"
EndProject
Project("{2150E333-8FDC-42A3-9474-1A3956D46DE8}") = "Web", "Web", "{C7A85496-D16B-4CEB-B16C-41195847ECB1}"
EndProject
Project("{FAE04EC0-301F-11D3-BF4B-00C04F79EFBC}") = "FitnessPlanner.Data", "..\FitnessPlanner.Data\FitnessPlanner.Data.csproj", "{EDDE0E9C-A4FF-4073-9789-E13A19A45F35}"
EndProject
Project("{FAE04EC0-301F-11D3-BF4B-00C04F79EFBC}") = "FitnessPlanner.Data.Models", "..\FitnessPlanner.Data.Models\FitnessPlanner.Data.Models.csproj", "{DB46036E-6F22-40B1-BFE8-C08D0E6B6239}"
EndProject
Project("{FAE04EC0-301F-11D3-BF4B-00C04F79EFBC}") = "FitnessPlanner.Services", "..\FitnessPlanner.Services\FitnessPlanner.Services.csproj", "{3F3A5F30-BACB-4FFC-95E4-03F5160D9B80}"
EndProject
Project("{FAE04EC0-301F-11D3-BF4B-00C04F79EFBC}") = "FitnessPlanner.Services.Models", "..\FitnessPlanner.Services.Models\FitnessPlanner.Services.Models.csproj", "{42955178-CDC5-4ACD-9E27-91B8F91A7485}"
EndProject
Global
	GlobalSection(SolutionConfigurationPlatforms) = preSolution
		Debug|Any CPU = Debug|Any CPU
		Release|Any CPU = Release|Any CPU
	EndGlobalSection
	GlobalSection(ProjectConfigurationPlatforms) = postSolution
		{8B94D977-1104-467E-8B08-B9BD84B765FB}.Debug|Any CPU.ActiveCfg = Debug|Any CPU
		{8B94D977-1104-467E-8B08-B9BD84B765FB}.Debug|Any CPU.Build.0 = Debug|Any CPU
		{8B94D977-1104-467E-8B08-B9BD84B765FB}.Release|Any CPU.ActiveCfg = Release|Any CPU
		{8B94D977-1104-467E-8B08-B9BD84B765FB}.Release|Any CPU.Build.0 = Release|Any CPU
		{B49FF568-9CFB-42EB-B860-DF6C32A102F7}.Debug|Any CPU.ActiveCfg = Debug|Any CPU
		{B49FF568-9CFB-42EB-B860-DF6C32A102F7}.Debug|Any CPU.Build.0 = Debug|Any CPU
		{B49FF568-9CFB-42EB-B860-DF6C32A102F7}.Debug|Any CPU.Deploy.0 = Debug|Any CPU
		{B49FF568-9CFB-42EB-B860-DF6C32A102F7}.Release|Any CPU.ActiveCfg = Release|Any CPU
		{B49FF568-9CFB-42EB-B860-DF6C32A102F7}.Release|Any CPU.Build.0 = Release|Any CPU
		{B49FF568-9CFB-42EB-B860-DF6C32A102F7}.Release|Any CPU.Deploy.0 = Release|Any CPU
		{EDDE0E9C-A4FF-4073-9789-E13A19A45F35}.Debug|Any CPU.ActiveCfg = Debug|Any CPU
		{EDDE0E9C-A4FF-4073-9789-E13A19A45F35}.Debug|Any CPU.Build.0 = Debug|Any CPU
		{EDDE0E9C-A4FF-4073-9789-E13A19A45F35}.Release|Any CPU.ActiveCfg = Release|Any CPU
		{EDDE0E9C-A4FF-4073-9789-E13A19A45F35}.Release|Any CPU.Build.0 = Release|Any CPU
		{DB46036E-6F22-40B1-BFE8-C08D0E6B6239}.Debug|Any CPU.ActiveCfg = Debug|Any CPU
		{DB46036E-6F22-40B1-BFE8-C08D0E6B6239}.Debug|Any CPU.Build.0 = Debug|Any CPU
		{DB46036E-6F22-40B1-BFE8-C08D0E6B6239}.Release|Any CPU.ActiveCfg = Release|Any CPU
		{DB46036E-6F22-40B1-BFE8-C08D0E6B6239}.Release|Any CPU.Build.0 = Release|Any CPU
		{3F3A5F30-BACB-4FFC-95E4-03F5160D9B80}.Debug|Any CPU.ActiveCfg = Debug|Any CPU
		{3F3A5F30-BACB-4FFC-95E4-03F5160D9B80}.Debug|Any CPU.Build.0 = Debug|Any CPU
		{3F3A5F30-BACB-4FFC-95E4-03F5160D9B80}.Release|Any CPU.ActiveCfg = Release|Any CPU
		{3F3A5F30-BACB-4FFC-95E4-03F5160D9B80}.Release|Any CPU.Build.0 = Release|Any CPU
		{42955178-CDC5-4ACD-9E27-91B8F91A7485}.Debug|Any CPU.ActiveCfg = Debug|Any CPU
		{42955178-CDC5-4ACD-9E27-91B8F91A7485}.Debug|Any CPU.Build.0 = Debug|Any CPU
		{42955178-CDC5-4ACD-9E27-91B8F91A7485}.Release|Any CPU.ActiveCfg = Release|Any CPU
		{42955178-CDC5-4ACD-9E27-91B8F91A7485}.Release|Any CPU.Build.0 = Release|Any CPU
	EndGlobalSection
	GlobalSection(SolutionProperties) = preSolution
		HideSolutionNode = FALSE
	EndGlobalSection
	GlobalSection(NestedProjects) = preSolution
		{8B94D977-1104-467E-8B08-B9BD84B765FB} = {C7A85496-D16B-4CEB-B16C-41195847ECB1}
		{EDDE0E9C-A4FF-4073-9789-E13A19A45F35} = {2E9323F7-36C0-4D22-B710-B35C5BF1303C}
		{DB46036E-6F22-40B1-BFE8-C08D0E6B6239} = {2E9323F7-36C0-4D22-B710-B35C5BF1303C}
		{3F3A5F30-BACB-4FFC-95E4-03F5160D9B80} = {4DF59049-B2A9-4060-AC9F-4CB570AC2C88}
		{42955178-CDC5-4ACD-9E27-91B8F91A7485} = {4DF59049-B2A9-4060-AC9F-4CB570AC2C88}
	EndGlobalSection
	GlobalSection(ExtensibilityGlobals) = postSolution
		SolutionGuid = {9BE4611D-BFFD-46AA-AE0D-3E2EA450C80E}
	EndGlobalSection
EndGlobal
